PODS:
  - Alamofire (5.5.0)
  - Fabric (1.10.2)
  - IQKeyboardManagerSwift (6.3.0)
  - lottie-ios (3.3.0)
  - MaterialComponents/AnimationTiming (124.2.0)
  - MaterialComponents/Availability (124.2.0)
  - MaterialComponents/Buttons (124.2.0):
    - MaterialComponents/Elevation
    - MaterialComponents/Ink
    - MaterialComponents/private/Math
    - MaterialComponents/Ripple
    - MaterialComponents/Shadow
    - MaterialComponents/ShadowElevations
    - MaterialComponents/ShadowLayer
    - MaterialComponents/ShapeLibrary
    - MaterialComponents/Shapes
    - MaterialComponents/Typography
    - MDFInternationalization
    - MDFTextAccessibility
  - MaterialComponents/Elevation (124.2.0):
    - MaterialComponents/Availability
    - MaterialComponents/private/Color
    - MaterialComponents/private/Math
  - MaterialComponents/Ink (124.2.0):
    - MaterialComponents/Availability
    - MaterialComponents/private/Color
    - MaterialComponents/private/Math
  - MaterialComponents/OverlayWindow (124.2.0):
    - MaterialComponents/Availability
    - MaterialComponents/private/Application
  - MaterialComponents/private/Application (124.2.0)
  - MaterialComponents/private/Color (124.2.0):
    - MaterialComponents/Availability
  - MaterialComponents/private/KeyboardWatcher (124.2.0):
    - MaterialComponents/private/Application
  - MaterialComponents/private/Math (124.2.0)
  - MaterialComponents/private/Overlay (124.2.0)
  - MaterialComponents/Ripple (124.2.0):
    - MaterialComponents/AnimationTiming
    - MaterialComponents/Availability
    - MaterialComponents/private/Color
    - MaterialComponents/private/Math
  - MaterialComponents/Shadow (124.2.0):
    - MaterialComponents/Availability
  - MaterialComponents/ShadowElevations (124.2.0)
  - MaterialComponents/ShadowLayer (124.2.0):
    - MaterialComponents/ShadowElevations
  - MaterialComponents/ShapeLibrary (124.2.0):
    - MaterialComponents/private/Math
    - MaterialComponents/Shapes
  - MaterialComponents/Shapes (124.2.0):
    - MaterialComponents/private/Color
    - MaterialComponents/private/Math
    - MaterialComponents/ShadowLayer
  - MaterialComponents/Snackbar (124.2.0):
    - MaterialComponents/AnimationTiming
    - MaterialComponents/Availability
    - MaterialComponents/Buttons
    - MaterialComponents/Elevation
    - MaterialComponents/OverlayWindow
    - MaterialComponents/private/Application
    - MaterialComponents/private/KeyboardWatcher
    - MaterialComponents/private/Math
    - MaterialComponents/private/Overlay
    - MaterialComponents/ShadowElevations
    - MaterialComponents/ShadowLayer
    - MaterialComponents/Typography
  - MaterialComponents/Typography (124.2.0):
    - MaterialComponents/private/Application
    - MaterialComponents/private/Math
    - MDFTextAccessibility
  - MDFInternationalization (3.0.0)
  - MDFTextAccessibility (2.0.1)
  - Neumann (1.2.0)
  - RxSwift (6.5.0)
  - Sejima (2.0.0):
    - Neumann
  - SkeletonView (1.29.2)
  - SVProgressHUD (2.2.5)
  - TTSegmentedControl (0.4.10)

DEPENDENCIES:
  - Alamofire
  - Fabric
  - IQKeyboardManagerSwift (= 6.3.0)
  - lottie-ios
  - MaterialComponents/Snackbar
  - RxSwift
  - Sejima
  - SkeletonView
  - SVProgressHUD
  - TTSegmentedControl (~> 0.4.9)

SPEC REPOS:
  trunk:
    - Alamofire
    - Fabric
    - IQKeyboardManagerSwift
    - lottie-ios
    - MaterialComponents
    - MDFInternationalization
    - MDFTextAccessibility
    - Neumann
    - RxSwift
    - Sejima
    - SkeletonView
    - SVProgressHUD
    - TTSegmentedControl

SPEC CHECKSUMS:
  Alamofire: 1c4fb5369c3fe93d2857c780d8bbe09f06f97e7c
  Fabric: ea977e3cd9c20425516d3dafd3bf8c941c51223f
  IQKeyboardManagerSwift: a8228c257614af98743b4cd8584637025f36358f
  lottie-ios: 6ac74dcc09904798f59b18cb3075c089d76be9ae
  MaterialComponents: 1a9b2d9d45b1601ae544de85089adc4c464306d4
  MDFInternationalization: d697c55307816222a55685c4ccb1044ffb030c12
  MDFTextAccessibility: f4bb4cc2194286651b59a215fdeaa0e05dc90ba5
  Neumann: 9ce57ac4a26916c47f079e213a442558f2437cf4
  RxSwift: 5710a9e6b17f3c3d6e40d6e559b9fa1e813b2ef8
  Sejima: e76713557f5f6b7ec4f1934ea02fda755775a3b4
  SkeletonView: 915a80ecc2b6421ab7ac0f0212321c0cc1406472
  SVProgressHUD: 1428aafac632c1f86f62aa4243ec12008d7a51d6
  TTSegmentedControl: d8005c0cdca2549ade0aee8e09240723e2478a6a

PODFILE CHECKSUM: bb486ac59de5d586d5eb8a3698bc5392d4490c60

COCOAPODS: 1.11.3
